// !$*UTF8*$!
{
	archiveVersion = 1;
	classes = {
	};
	objectVersion = 56;
	objects = {

/* Begin PBXBuildFile section */
		D07523842AFBA10D00029DE9 /* AppDelegate.swift in Sources */ = {isa = PBXBuildFile; fileRef = D07523832AFBA10D00029DE9 /* AppDelegate.swift */; };
		D07523882AFBA10D00029DE9 /* ViewController.swift in Sources */ = {isa = PBXBuildFile; fileRef = D07523872AFBA10D00029DE9 /* ViewController.swift */; };
		D075238D2AFBA10F00029DE9 /* Assets.xcassets in Resources */ = {isa = PBXBuildFile; fileRef = D075238C2AFBA10F00029DE9 /* Assets.xcassets */; };
		D07523902AFBA10F00029DE9 /* LaunchScreen.storyboard in Resources */ = {isa = PBXBuildFile; fileRef = D075238E2AFBA10F00029DE9 /* LaunchScreen.storyboard */; };
		D075239B2AFBA10F00029DE9 /* Factorial1Tests.swift in Sources */ = {isa = PBXBuildFile; fileRef = D075239A2AFBA10F00029DE9 /* Factorial1Tests.swift */; };
		D07523A52AFBA10F00029DE9 /* Factorial1UITests.swift in Sources */ = {isa = PBXBuildFile; fileRef = D07523A42AFBA10F00029DE9 /* Factorial1UITests.swift */; };
		D07523A72AFBA10F00029DE9 /* Factorial1UITestsLaunchTests.swift in Sources */ = {isa = PBXBuildFile; fileRef = D07523A62AFBA10F00029DE9 /* Factorial1UITestsLaunchTests.swift */; };
/* End PBXBuildFile section */

/* Begin PBXContainerItemProxy section */
		D07523972AFBA10F00029DE9 /* PBXContainerItemProxy */ = {
			isa = PBXContainerItemProxy;
			containerPortal = D07523782AFBA10D00029DE9 /* Project object */;
			proxyType = 1;
			remoteGlobalIDString = D075237F2AFBA10D00029DE9;
			remoteInfo = Factorial1;
		};
		D07523A12AFBA10F00029DE9 /* PBXContainerItemProxy */ = {
			isa = PBXContainerItemProxy;
			containerPortal = D07523782AFBA10D00029DE9 /* Project object */;
			proxyType = 1;
			remoteGlobalIDString = D075237F2AFBA10D00029DE9;
			remoteInfo = Factorial1;
		};
/* End PBXContainerItemProxy section */

/* Begin PBXFileReference section */
		D07523802AFBA10D00029DE9 /* Factorial1.app */ = {isa = PBXFileReference; explicitFileType = wrapper.application; includeInIndex = 0; path = Factorial1.app; sourceTree = BUILT_PRODUCTS_DIR; };
		D07523832AFBA10D00029DE9 /* AppDelegate.swift */ = {isa = PBXFileReference; lastKnownFileType = sourcecode.swift; path = AppDelegate.swift; sourceTree = "<group>"; wrapsLines = 1; };
		D07523872AFBA10D00029DE9 /* ViewController.swift */ = {isa = PBXFileReference; lastKnownFileType = sourcecode.swift; path = ViewController.swift; sourceTree = "<group>"; };
		D075238C2AFBA10F00029DE9 /* Assets.xcassets */ = {isa = PBXFileReference; lastKnownFileType = folder.assetcatalog; path = Assets.xcassets; sourceTree = "<group>"; };
		D075238F2AFBA10F00029DE9 /* Base */ = {isa = PBXFileReference; lastKnownFileType = file.storyboard; name = Base; path = Base.lproj/LaunchScreen.storyboard; sourceTree = "<group>"; };
		D07523912AFBA10F00029DE9 /* Info.plist */ = {isa = PBXFileReference; lastKnownFileType = text.plist.xml; path = Info.plist; sourceTree = "<group>"; };
		D07523962AFBA10F00029DE9 /* Factorial1Tests.xctest */ = {isa = PBXFileReference; explicitFileType = wrapper.cfbundle; includeInIndex = 0; path = Factorial1Tests.xctest; sourceTree = BUILT_PRODUCTS_DIR; };
		D075239A2AFBA10F00029DE9 /* Factorial1Tests.swift */ = {isa = PBXFileReference; lastKnownFileType = sourcecode.swift; path = Factorial1Tests.swift; sourceTree = "<group>"; };
		D07523A02AFBA10F00029DE9 /* Factorial1UITests.xctest */ = {isa = PBXFileReference; explicitFileType = wrapper.cfbundle; includeInIndex = 0; path = Factorial1UITests.xctest; sourceTree = BUILT_PRODUCTS_DIR; };
		D07523A42AFBA10F00029DE9 /* Factorial1UITests.swift */ = {isa = PBXFileReference; lastKnownFileType = sourcecode.swift; path = Factorial1UITests.swift; sourceTree = "<group>"; };
		D07523A62AFBA10F00029DE9 /* Factorial1UITestsLaunchTests.swift */ = {isa = PBXFileReference; lastKnownFileType = sourcecode.swift; path = Factorial1UITestsLaunchTests.swift; sourceTree = "<group>"; };
/* End PBXFileReference section */

/* Begin PBXFrameworksBuildPhase section */
		D075237D2AFBA10D00029DE9 /* Frameworks */ = {
			isa = PBXFrameworksBuildPhase;
			buildActionMask = 2147483647;
			files = (
			);
			runOnlyForDeploymentPostprocessing = 0;
		};
		D07523932AFBA10F00029DE9 /* Frameworks */ = {
			isa = PBXFrameworksBuildPhase;
			buildActionMask = 2147483647;
			files = (
			);
			runOnlyForDeploymentPostprocessing = 0;
		};
		D075239D2AFBA10F00029DE9 /* Frameworks */ = {
			isa = PBXFrameworksBuildPhase;
			buildActionMask = 2147483647;
			files = (
			);
			runOnlyForDeploymentPostprocessing = 0;
		};
/* End PBXFrameworksBuildPhase section */

/* Begin PBXGroup section */
		D07523772AFBA10D00029DE9 = {
			isa = PBXGroup;
			children = (
				D07523822AFBA10D00029DE9 /* Factorial1 */,
				D07523992AFBA10F00029DE9 /* Factorial1Tests */,
				D07523A32AFBA10F00029DE9 /* Factorial1UITests */,
				D07523812AFBA10D00029DE9 /* Products */,
			);
			sourceTree = "<group>";
		};
		D07523812AFBA10D00029DE9 /* Products */ = {
			isa = PBXGroup;
			children = (
				D07523802AFBA10D00029DE9 /* Factorial1.app */,
				D07523962AFBA10F00029DE9 /* Factorial1Tests.xctest */,
				D07523A02AFBA10F00029DE9 /* Factorial1UITests.xctest */,
			);
			name = Products;
			sourceTree = "<group>";
		};
		D07523822AFBA10D00029DE9 /* Factorial1 */ = {
			isa = PBXGroup;
			children = (
				D07523832AFBA10D00029DE9 /* AppDelegate.swift */,
				D07523872AFBA10D00029DE9 /* ViewController.swift */,
				D075238C2AFBA10F00029DE9 /* Assets.xcassets */,
				D075238E2AFBA10F00029DE9 /* LaunchScreen.storyboard */,
				D07523912AFBA10F00029DE9 /* Info.plist */,
			);
			path = Factorial1;
			sourceTree = "<group>";
		};
		D07523992AFBA10F00029DE9 /* Factorial1Tests */ = {
			isa = PBXGroup;
			children = (
				D075239A2AFBA10F00029DE9 /* Factorial1Tests.swift */,
			);
			path = Factorial1Tests;
			sourceTree = "<group>";
		};
		D07523A32AFBA10F00029DE9 /* Factorial1UITests */ = {
			isa = PBXGroup;
			children = (
				D07523A42AFBA10F00029DE9 /* Factorial1UITests.swift */,
				D07523A62AFBA10F00029DE9 /* Factorial1UITestsLaunchTests.swift */,
			);
			path = Factorial1UITests;
			sourceTree = "<group>";
		};
/* End PBXGroup section */

/* Begin PBXNativeTarget section */
		D075237F2AFBA10D00029DE9 /* Factorial1 */ = {
			isa = PBXNativeTarget;
			buildConfigurationList = D07523AA2AFBA10F00029DE9 /* Build configuration list for PBXNativeTarget "Factorial1" */;
			buildPhases = (
				D075237C2AFBA10D00029DE9 /* Sources */,
				D075237D2AFBA10D00029DE9 /* Frameworks */,
				D075237E2AFBA10D00029DE9 /* Resources */,
			);
			buildRules = (
			);
			dependencies = (
			);
			name = Factorial1;
			productName = Factorial1;
			productReference = D07523802AFBA10D00029DE9 /* Factorial1.app */;
			productType = "com.apple.product-type.application";
		};
		D07523952AFBA10F00029DE9 /* Factorial1Tests */ = {
			isa = PBXNativeTarget;
			buildConfigurationList = D07523AD2AFBA10F00029DE9 /* Build configuration list for PBXNativeTarget "Factorial1Tests" */;
			buildPhases = (
				D07523922AFBA10F00029DE9 /* Sources */,
				D07523932AFBA10F00029DE9 /* Frameworks */,
				D07523942AFBA10F00029DE9 /* Resources */,
			);
			buildRules = (
			);
			dependencies = (
				D07523982AFBA10F00029DE9 /* PBXTargetDependency */,
			);
			name = Factorial1Tests;
			productName = Factorial1Tests;
			productReference = D07523962AFBA10F00029DE9 /* Factorial1Tests.xctest */;
			productType = "com.apple.product-type.bundle.unit-test";
		};
		D075239F2AFBA10F00029DE9 /* Factorial1UITests */ = {
			isa = PBXNativeTarget;
			buildConfigurationList = D07523B02AFBA10F00029DE9 /* Build configuration list for PBXNativeTarget "Factorial1UITests" */;
			buildPhases = (
				D075239C2AFBA10F00029DE9 /* Sources */,
				D075239D2AFBA10F00029DE9 /* Frameworks */,
				D075239E2AFBA10F00029DE9 /* Resources */,
			);
			buildRules = (
			);
			dependencies = (
				D07523A22AFBA10F00029DE9 /* PBXTargetDependency */,
			);
			name = Factorial1UITests;
			productName = Factorial1UITests;
			productReference = D07523A02AFBA10F00029DE9 /* Factorial1UITests.xctest */;
			productType = "com.apple.product-type.bundle.ui-testing";
		};
/* End PBXNativeTarget section */

/* Begin PBXProject section */
		D07523782AFBA10D00029DE9 /* Project object */ = {
			isa = PBXProject;
			attributes = {
				BuildIndependentTargetsInParallel = 1;
				LastSwiftUpdateCheck = 1500;
				LastUpgradeCheck = 1500;
				TargetAttributes = {
					D075237F2AFBA10D00029DE9 = {
						CreatedOnToolsVersion = 15.0;
					};
					D07523952AFBA10F00029DE9 = {
						CreatedOnToolsVersion = 15.0;
						TestTargetID = D075237F2AFBA10D00029DE9;
					};
					D075239F2AFBA10F00029DE9 = {
						CreatedOnToolsVersion = 15.0;
						TestTargetID = D075237F2AFBA10D00029DE9;
					};
				};
			};
			buildConfigurationList = D075237B2AFBA10D00029DE9 /* Build configuration list for PBXProject "Factorial1" */;
			compatibilityVersion = "Xcode 14.0";
			developmentRegion = en;
			hasScannedForEncodings = 0;
			knownRegions = (
				en,
				Base,
			);
			mainGroup = D07523772AFBA10D00029DE9;
			productRefGroup = D07523812AFBA10D00029DE9 /* Products */;
			projectDirPath = "";
			projectRoot = "";
			targets = (
				D075237F2AFBA10D00029DE9 /* Factorial1 */,
				D07523952AFBA10F00029DE9 /* Factorial1Tests */,
				D075239F2AFBA10F00029DE9 /* Factorial1UITests */,
			);
		};
/* End PBXProject section */

/* Begin PBXResourcesBuildPhase section */
		D075237E2AFBA10D00029DE9 /* Resources */ = {
			isa = PBXResourcesBuildPhase;
			buildActionMask = 2147483647;
			files = (
				D07523902AFBA10F00029DE9 /* LaunchScreen.storyboard in Resources */,
				D075238D2AFBA10F00029DE9 /* Assets.xcassets in Resources */,
			);
			runOnlyForDeploymentPostprocessing = 0;
		};
		D07523942AFBA10F00029DE9 /* Resources */ = {
			isa = PBXResourcesBuildPhase;
			buildActionMask = 2147483647;
			files = (
			);
			runOnlyForDeploymentPostprocessing = 0;
		};
		D075239E2AFBA10F00029DE9 /* Resources */ = {
			isa = PBXResourcesBuildPhase;
			buildActionMask = 2147483647;
			files = (
			);
			runOnlyForDeploymentPostprocessing = 0;
		};
/* End PBXResourcesBuildPhase section */

/* Begin PBXSourcesBuildPhase section */
		D075237C2AFBA10D00029DE9 /* Sources */ = {
			isa = PBXSourcesBuildPhase;
			buildActionMask = 2147483647;
			files = (
				D07523882AFBA10D00029DE9 /* ViewController.swift in Sources */,
				D07523842AFBA10D00029DE9 /* AppDelegate.swift in Sources */,
			);
			runOnlyForDeploymentPostprocessing = 0;
		};
		D07523922AFBA10F00029DE9 /* Sources */ = {
			isa = PBXSourcesBuildPhase;
			buildActionMask = 2147483647;
			files = (
				D075239B2AFBA10F00029DE9 /* Factorial1Tests.swift in Sources */,
			);
			runOnlyForDeploymentPostprocessing = 0;
		};
		D075239C2AFBA10F00029DE9 /* Sources */ = {
			isa = PBXSourcesBuildPhase;
			buildActionMask = 2147483647;
			files = (
				D07523A72AFBA10F00029DE9 /* Factorial1UITestsLaunchTests.swift in Sources */,
				D07523A52AFBA10F00029DE9 /* Factorial1UITests.swift in Sources */,
			);
			runOnlyForDeploymentPostprocessing = 0;
		};
/* End PBXSourcesBuildPhase section */

/* Begin PBXTargetDependency section */
		D07523982AFBA10F00029DE9 /* PBXTargetDependency */ = {
			isa = PBXTargetDependency;
			target = D075237F2AFBA10D00029DE9 /* Factorial1 */;
			targetProxy = D07523972AFBA10F00029DE9 /* PBXContainerItemProxy */;
		};
		D07523A22AFBA10F00029DE9 /* PBXTargetDependency */ = {
			isa = PBXTargetDependency;
			target = D075237F2AFBA10D00029DE9 /* Factorial1 */;
			targetProxy = D07523A12AFBA10F00029DE9 /* PBXContainerItemProxy */;
		};
/* End PBXTargetDependency section */

/* Begin PBXVariantGroup section */
		D075238E2AFBA10F00029DE9 /* LaunchScreen.storyboard */ = {
			isa = PBXVariantGroup;
			children = (
				D075238F2AFBA10F00029DE9 /* Base */,
			);
			name = LaunchScreen.storyboard;
			sourceTree = "<group>";
		};
/* End PBXVariantGroup section */

/* Begin XCBuildConfiguration section */
		D07523A82AFBA10F00029DE9 /* Debug */ = {
			isa = XCBuildConfiguration;
			buildSettings = {
				ALWAYS_SEARCH_USER_PATHS = NO;
				ASSETCATALOG_COMPILER_GENERATE_SWIFT_ASSET_SYMBOL_EXTENSIONS = YES;
				CLANG_ANALYZER_NONNULL = YES;
				CLANG_ANALYZER_NUMBER_OBJECT_CONVERSION = YES_AGGRESSIVE;
				CLANG_CXX_LANGUAGE_STANDARD = "gnu++20";
				CLANG_ENABLE_MODULES = YES;
				CLANG_ENABLE_OBJC_ARC = YES;
				CLANG_ENABLE_OBJC_WEAK = YES;
				CLANG_WARN_BLOCK_CAPTURE_AUTORELEASING = YES;
				CLANG_WARN_BOOL_CONVERSION = YES;
				CLANG_WARN_COMMA = YES;
				CLANG_WARN_CONSTANT_CONVERSION = YES;
				CLANG_WARN_DEPRECATED_OBJC_IMPLEMENTATIONS = YES;
				CLANG_WARN_DIRECT_OBJC_ISA_USAGE = YES_ERROR;
				CLANG_WARN_DOCUMENTATION_COMMENTS = YES;
				CLANG_WARN_EMPTY_BODY = YES;
				CLANG_WARN_ENUM_CONVERSION = YES;
				CLANG_WARN_INFINITE_RECURSION = YES;
				CLANG_WARN_INT_CONVERSION = YES;
				CLANG_WARN_NON_LITERAL_NULL_CONVERSION = YES;
				CLANG_WARN_OBJC_IMPLICIT_RETAIN_SELF = YES;
				CLANG_WARN_OBJC_LITERAL_CONVERSION = YES;
				CLANG_WARN_OBJC_ROOT_CLASS = YES_ERROR;
				CLANG_WARN_QUOTED_INCLUDE_IN_FRAMEWORK_HEADER = YES;
				CLANG_WARN_RANGE_LOOP_ANALYSIS = YES;
				CLANG_WARN_STRICT_PROTOTYPES = YES;
				CLANG_WARN_SUSPICIOUS_MOVE = YES;
				CLANG_WARN_UNGUARDED_AVAILABILITY = YES_AGGRESSIVE;
				CLANG_WARN_UNREACHABLE_CODE = YES;
				CLANG_WARN__DUPLICATE_METHOD_MATCH = YES;
				COPY_PHASE_STRIP = NO;
				DEBUG_INFORMATION_FORMAT = dwarf;
				ENABLE_STRICT_OBJC_MSGSEND = YES;
				ENABLE_TESTABILITY = YES;
				ENABLE_USER_SCRIPT_SANDBOXING = YES;
				GCC_C_LANGUAGE_STANDARD = gnu17;
				GCC_DYNAMIC_NO_PIC = NO;
				GCC_NO_COMMON_BLOCKS = YES;
				GCC_OPTIMIZATION_LEVEL = 0;
				GCC_PREPROCESSOR_DEFINITIONS = (
					"DEBUG=1",
					"$(inherited)",
				);
				GCC_WARN_64_TO_32_BIT_CONVERSION = YES;
				GCC_WARN_ABOUT_RETURN_TYPE = YES_ERROR;
				GCC_WARN_UNDECLARED_SELECTOR = YES;
				GCC_WARN_UNINITIALIZED_AUTOS = YES_AGGRESSIVE;
				GCC_WARN_UNUSED_FUNCTION = YES;
				GCC_WARN_UNUSED_VARIABLE = YES;
				IPHONEOS_DEPLOYMENT_TARGET = 17.0;
				LOCALIZATION_PREFERS_STRING_CATALOGS = YES;
				MTL_ENABLE_DEBUG_INFO = INCLUDE_SOURCE;
				MTL_FAST_MATH = YES;
				ONLY_ACTIVE_ARCH = YES;
				SDKROOT = iphoneos;
				SWIFT_ACTIVE_COMPILATION_CONDITIONS = "DEBUG $(inherited)";
				SWIFT_OPTIMIZATION_LEVEL = "-Onone";
			};
			name = Debug;
		};
		D07523A92AFBA10F00029DE9 /* Release */ = {
			isa = XCBuildConfiguration;
			buildSettings = {
				ALWAYS_SEARCH_USER_PATHS = NO;
				ASSETCATALOG_COMPILER_GENERATE_SWIFT_ASSET_SYMBOL_EXTENSIONS = YES;
				CLANG_ANALYZER_NONNULL = YES;
				CLANG_ANALYZER_NUMBER_OBJECT_CONVERSION = YES_AGGRESSIVE;
				CLANG_CXX_LANGUAGE_STANDARD = "gnu++20";
				CLANG_ENABLE_MODULES = YES;
				CLANG_ENABLE_OBJC_ARC = YES;
				CLANG_ENABLE_OBJC_WEAK = YES;
				CLANG_WARN_BLOCK_CAPTURE_AUTORELEASING = YES;
				CLANG_WARN_BOOL_CONVERSION = YES;
				CLANG_WARN_COMMA = YES;
				CLANG_WARN_CONSTANT_CONVERSION = YES;
				CLANG_WARN_DEPRECATED_OBJC_IMPLEMENTATIONS = YES;
				CLANG_WARN_DIRECT_OBJC_ISA_USAGE = YES_ERROR;
				CLANG_WARN_DOCUMENTATION_COMMENTS = YES;
				CLANG_WARN_EMPTY_BODY = YES;
				CLANG_WARN_ENUM_CONVERSION = YES;
				CLANG_WARN_INFINITE_RECURSION = YES;
				CLANG_WARN_INT_CONVERSION = YES;
				CLANG_WARN_NON_LITERAL_NULL_CONVERSION = YES;
				CLANG_WARN_OBJC_IMPLICIT_RETAIN_SELF = YES;
				CLANG_WARN_OBJC_LITERAL_CONVERSION = YES;
				CLANG_WARN_OBJC_ROOT_CLASS = YES_ERROR;
				CLANG_WARN_QUOTED_INCLUDE_IN_FRAMEWORK_HEADER = YES;
				CLANG_WARN_RANGE_LOOP_ANALYSIS = YES;
				CLANG_WARN_STRICT_PROTOTYPES = YES;
				CLANG_WARN_SUSPICIOUS_MOVE = YES;
				CLANG_WARN_UNGUARDED_AVAILABILITY = YES_AGGRESSIVE;
				CLANG_WARN_UNREACHABLE_CODE = YES;
				CLANG_WARN__DUPLICATE_METHOD_MATCH = YES;
				COPY_PHASE_STRIP = NO;
				DEBUG_INFORMATION_FORMAT = "dwarf-with-dsym";
				ENABLE_NS_ASSERTIONS = NO;
				ENABLE_STRICT_OBJC_MSGSEND = YES;
				ENABLE_USER_SCRIPT_SANDBOXING = YES;
				GCC_C_LANGUAGE_STANDARD = gnu17;
				GCC_NO_COMMON_BLOCKS = YES;
				GCC_WARN_64_TO_32_BIT_CONVERSION = YES;
				GCC_WARN_ABOUT_RETURN_TYPE = YES_ERROR;
				GCC_WARN_UNDECLARED_SELECTOR = YES;
				GCC_WARN_UNINITIALIZED_AUTOS = YES_AGGRESSIVE;
				GCC_WARN_UNUSED_FUNCTION = YES;
				GCC_WARN_UNUSED_VARIABLE = YES;
				IPHONEOS_DEPLOYMENT_TARGET = 17.0;
				LOCALIZATION_PREFERS_STRING_CATALOGS = YES;
				MTL_ENABLE_DEBUG_INFO = NO;
				MTL_FAST_MATH = YES;
				SDKROOT = iphoneos;
				SWIFT_COMPILATION_MODE = wholemodule;
				VALIDATE_PRODUCT = YES;
			};
			name = Release;
		};
		D07523AB2AFBA10F00029DE9 /* Debug */ = {
			isa = XCBuildConfiguration;
			buildSettings = {
				ASSETCATALOG_COMPILER_APPICON_NAME = AppIcon;
				ASSETCATALOG_COMPILER_GLOBAL_ACCENT_COLOR_NAME = AccentColor;
				CODE_SIGN_STYLE = Automatic;
				CURRENT_PROJECT_VERSION = 1;
				GENERATE_INFOPLIST_FILE = YES;
				INFOPLIST_FILE = Factorial1/Info.plist;
				INFOPLIST_KEY_UIApplicationSupportsIndirectInputEvents = YES;
				INFOPLIST_KEY_UILaunchStoryboardName = LaunchScreen;
				INFOPLIST_KEY_UISupportedInterfaceOrientations_iPad = "UIInterfaceOrientationPortrait UIInterfaceOrientationPortraitUpsideDown UIInterfaceOrientationLandscapeLeft UIInterfaceOrientationLandscapeRight";
				INFOPLIST_KEY_UISupportedInterfaceOrientations_iPhone = "UIInterfaceOrientationPortrait UIInterfaceOrientationLandscapeLeft UIInterfaceOrientationLandscapeRight";
				LD_RUNPATH_SEARCH_PATHS = (
					"$(inherited)",
					"@executable_path/Frameworks",
				);
				MARKETING_VERSION = 1.0;
				PRODUCT_BUNDLE_IDENTIFIER = soft.Factorial1;
				PRODUCT_NAME = "$(TARGET_NAME)";
				SWIFT_EMIT_LOC_STRINGS = YES;
				SWIFT_VERSION = 5.0;
				TARGETED_DEVICE_FAMILY = "1,2";
			};
			name = Debug;
		};
		D07523AC2AFBA10F00029DE9 /* Release */ = {
			isa = XCBuildConfiguration;
			buildSettings = {
				ASSETCATALOG_COMPILER_APPICON_NAME = AppIcon;
				ASSETCATALOG_COMPILER_GLOBAL_ACCENT_COLOR_NAME = AccentColor;
				CODE_SIGN_STYLE = Automatic;
				CURRENT_PROJECT_VERSION = 1;
				GENERATE_INFOPLIST_FILE = YES;
				INFOPLIST_FILE = Factorial1/Info.plist;
				INFOPLIST_KEY_UIApplicationSupportsIndirectInputEvents = YES;
				INFOPLIST_KEY_UILaunchStoryboardName = LaunchScreen;
				INFOPLIST_KEY_UISupportedInterfaceOrientations_iPad = "UIInterfaceOrientationPortrait UIInterfaceOrientationPortraitUpsideDown UIInterfaceOrientationLandscapeLeft UIInterfaceOrientationLandscapeRight";
				INFOPLIST_KEY_UISupportedInterfaceOrientations_iPhone = "UIInterfaceOrientationPortrait UIInterfaceOrientationLandscapeLeft UIInterfaceOrientationLandscapeRight";
				LD_RUNPATH_SEARCH_PATHS = (
					"$(inherited)",
					"@executable_path/Frameworks",
				);
				MARKETING_VERSION = 1.0;
				PRODUCT_BUNDLE_IDENTIFIER = soft.Factorial1;
				PRODUCT_NAME = "$(TARGET_NAME)";
				SWIFT_EMIT_LOC_STRINGS = YES;
				SWIFT_VERSION = 5.0;
				TARGETED_DEVICE_FAMILY = "1,2";
			};
			name = Release;
		};
		D07523AE2AFBA10F00029DE9 /* Debug */ = {
			isa = XCBuildConfiguration;
			buildSettings = {
				ALWAYS_EMBED_SWIFT_STANDARD_LIBRARIES = YES;
				BUNDLE_LOADER = "$(TEST_HOST)";
				CODE_SIGN_STYLE = Automatic;
				CURRENT_PROJECT_VERSION = 1;
				GENERATE_INFOPLIST_FILE = YES;
				IPHONEOS_DEPLOYMENT_TARGET = 17.0;
				MARKETING_VERSION = 1.0;
				PRODUCT_BUNDLE_IDENTIFIER = soft.Factorial1Tests;
				PRODUCT_NAME = "$(TARGET_NAME)";
				SWIFT_EMIT_LOC_STRINGS = NO;
				SWIFT_VERSION = 5.0;
				TARGETED_DEVICE_FAMILY = "1,2";
				TEST_HOST = "$(BUILT_PRODUCTS_DIR)/Factorial1.app/$(BUNDLE_EXECUTABLE_FOLDER_PATH)/Factorial1";
			};
			name = Debug;
		};
		D07523AF2AFBA10F00029DE9 /* Release */ = {
			isa = XCBuildConfiguration;
			buildSettings = {
				ALWAYS_EMBED_SWIFT_STANDARD_LIBRARIES = YES;
				BUNDLE_LOADER = "$(TEST_HOST)";
				CODE_SIGN_STYLE = Automatic;
				CURRENT_PROJECT_VERSION = 1;
				GENERATE_INFOPLIST_FILE = YES;
				IPHONEOS_DEPLOYMENT_TARGET = 17.0;
				MARKETING_VERSION = 1.0;
				PRODUCT_BUNDLE_IDENTIFIER = soft.Factorial1Tests;
				PRODUCT_NAME = "$(TARGET_NAME)";
				SWIFT_EMIT_LOC_STRINGS = NO;
				SWIFT_VERSION = 5.0;
				TARGETED_DEVICE_FAMILY = "1,2";
				TEST_HOST = "$(BUILT_PRODUCTS_DIR)/Factorial1.app/$(BUNDLE_EXECUTABLE_FOLDER_PATH)/Factorial1";
			};
			name = Release;
		};
		D07523B12AFBA10F00029DE9 /* Debug */ = {
			isa = XCBuildConfiguration;
			buildSettings = {
				ALWAYS_EMBED_SWIFT_STANDARD_LIBRARIES = YES;
				CODE_SIGN_STYLE = Automatic;
				CURRENT_PROJECT_VERSION = 1;
				GENERATE_INFOPLIST_FILE = YES;
				MARKETING_VERSION = 1.0;
				PRODUCT_BUNDLE_IDENTIFIER = soft.Factorial1UITests;
				PRODUCT_NAME = "$(TARGET_NAME)";
				SWIFT_EMIT_LOC_STRINGS = NO;
				SWIFT_VERSION = 5.0;
				TARGETED_DEVICE_FAMILY = "1,2";
				TEST_TARGET_NAME = Factorial1;
			};
			name = Debug;
		};
		D07523B22AFBA10F00029DE9 /* Release */ = {
			isa = XCBuildConfiguration;
			buildSettings = {
				ALWAYS_EMBED_SWIFT_STANDARD_LIBRARIES = YES;
				CODE_SIGN_STYLE = Automatic;
				CURRENT_PROJECT_VERSION = 1;
				GENERATE_INFOPLIST_FILE = YES;
				MARKETING_VERSION = 1.0;
				PRODUCT_BUNDLE_IDENTIFIER = soft.Factorial1UITests;
				PRODUCT_NAME = "$(TARGET_NAME)";
				SWIFT_EMIT_LOC_STRINGS = NO;
				SWIFT_VERSION = 5.0;
				TARGETED_DEVICE_FAMILY = "1,2";
				TEST_TARGET_NAME = Factorial1;
			};
			name = Release;
		};
/* End XCBuildConfiguration section */

/* Begin XCConfigurationList section */
		D075237B2AFBA10D00029DE9 /* Build configuration list for PBXProject "Factorial1" */ = {
			isa = XCConfigurationList;
			buildConfigurations = (
				D07523A82AFBA10F00029DE9 /* Debug */,
				D07523A92AFBA10F00029DE9 /* Release */,
			);
			defaultConfigurationIsVisible = 0;
			defaultConfigurationName = Release;
		};
		D07523AA2AFBA10F00029DE9 /* Build configuration list for PBXNativeTarget "Factorial1" */ = {
			isa = XCConfigurationList;
			buildConfigurations = (
				D07523AB2AFBA10F00029DE9 /* Debug */,
				D07523AC2AFBA10F00029DE9 /* Release */,
			);
			defaultConfigurationIsVisible = 0;
			defaultConfigurationName = Release;
		};
		D07523AD2AFBA10F00029DE9 /* Build configuration list for PBXNativeTarget "Factorial1Tests" */ = {
			isa = XCConfigurationList;
			buildConfigurations = (
				D07523AE2AFBA10F00029DE9 /* Debug */,
				D07523AF2AFBA10F00029DE9 /* Release */,
			);
			defaultConfigurationIsVisible = 0;
			defaultConfigurationName = Release;
		};
		D07523B02AFBA10F00029DE9 /* Build configuration list for PBXNativeTarget "Factorial1UITests" */ = {
			isa = XCConfigurationList;
			buildConfigurations = (
				D07523B12AFBA10F00029DE9 /* Debug */,
				D07523B22AFBA10F00029DE9 /* Release */,
			);
			defaultConfigurationIsVisible = 0;
			defaultConfigurationName = Release;
		};
/* End XCConfigurationList section */
	};
	rootObject = D07523782AFBA10D00029DE9 /* Project object */;
}
